
Microsoft Visual Studio Solution File, Format Version 12.00
# Visual Studio 2013
VisualStudioVersion = 12.0.21005.1
MinimumVisualStudioVersion = 10.0.40219.1
Project("{8BC9CEB8-8B4A-11D0-8D11-00A0C91BC942}") = "OS2_Projekat (C++)", "OS2_Projekat (C++)\OS2_Projekat (C++).vcxproj", "{A2A2BD10-5B5B-4E8B-A9C6-C0CB9EFDCE75}"
EndProject
Global
	GlobalSection(SolutionConfigurationPlatforms) = preSolution
		Debug|Win32 = Debug|Win32
		Release|Win32 = Release|Win32
	EndGlobalSection
	GlobalSection(ProjectConfigurationPlatforms) = postSolution
		{A2A2BD10-5B5B-4E8B-A9C6-C0CB9EFDCE75}.Debug|Win32.ActiveCfg = Debug|Win32
		{A2A2BD10-5B5B-4E8B-A9C6-C0CB9EFDCE75}.Debug|Win32.Build.0 = Debug|Win32
		{A2A2BD10-5B5B-4E8B-A9C6-C0CB9EFDCE75}.Release|Win32.ActiveCfg = Release|Win32
		{A2A2BD10-5B5B-4E8B-A9C6-C0CB9EFDCE75}.Release|Win32.Build.0 = Release|Win32
	EndGlobalSection
	GlobalSection(SolutionProperties) = preSolution
		HideSolutionNode = FALSE
	EndGlobalSection
EndGlobal
